
Microsoft Visual Studio Solution File, Format Version 12.00
# Visual Studio Version 17
VisualStudioVersion = 17.9.34622.214
MinimumVisualStudioVersion = 10.0.40219.1
Project("{FAE04EC0-301F-11D3-BF4B-00C04F79EFBC}") = "Animation", "Animation.csproj", "{697517B0-6DAF-4A20-AEA9-FBD9F7CAC4E3}"
EndProject
Global
	GlobalSection(SolutionConfigurationPlatforms) = preSolution
		Debug|Any CPU = Debug|Any CPU
		Release|Any CPU = Release|Any CPU
	EndGlobalSection
	GlobalSection(ProjectConfigurationPlatforms) = postSolution
		{697517B0-6DAF-4A20-AEA9-FBD9F7CAC4E3}.Debug|Any CPU.ActiveCfg = Debug|Any CPU
		{697517B0-6DAF-4A20-AEA9-FBD9F7CAC4E3}.Debug|Any CPU.Build.0 = Debug|Any CPU
		{697517B0-6DAF-4A20-AEA9-FBD9F7CAC4E3}.Release|Any CPU.ActiveCfg = Release|Any CPU
		{697517B0-6DAF-4A20-AEA9-FBD9F7CAC4E3}.Release|Any CPU.Build.0 = Release|Any CPU
	EndGlobalSection
	GlobalSection(SolutionProperties) = preSolution
		HideSolutionNode = FALSE
	EndGlobalSection
	GlobalSection(ExtensibilityGlobals) = postSolution
		SolutionGuid = {0DCE70A2-8715-40AC-AFC8-5C828F6FB8A2}
	EndGlobalSection
EndGlobal
